version = 1
revision = 3
requires-python = ">=3.14"

[[package]]
name = "pr"
version = "0.6.0"
source = { registry = "https://pypi.org/simple" }
wheels = [
    { url = "https://files.pythonhosted.org/packages/5f/ff/2345d1983e8dd428cb85782da4e8648a5cfcdd8f9182e3c7c6270c27ff28/pr-0.6.0-py3-none-any.whl", hash = "sha256:6fbb865ab5acd68ef9c4a5653f0d70523363032dfef52b4000cb705689cfe7d5", size = 9180, upload-time = "2020-04-24T15:54:38.332Z" },
]

[[package]]
name = "python100days"
version = "0.1.0"
source = { virtual = "." }
dependencies = [
    { name = "pr" },
]

[package.metadata]
requires-dist = [{ name = "pr", specifier = ">=0.6.0" }]
